// !$*UTF8*$!
{
	archiveVersion = 1;
	classes = {
	};
	objectVersion = 55;
	objects = {

/* Begin PBXBuildFile section */
		9A49D38629E6FE960069ABA8 /* LoginViewController.m in Sources */ = {isa = PBXBuildFile; fileRef = 9A49D38529E6FE960069ABA8 /* LoginViewController.m */; };
		9A86183529C86ABA00727587 /* AppDelegate.m in Sources */ = {isa = PBXBuildFile; fileRef = 9A86183429C86ABA00727587 /* AppDelegate.m */; };
		9A86183829C86ABA00727587 /* SceneDelegate.m in Sources */ = {isa = PBXBuildFile; fileRef = 9A86183729C86ABA00727587 /* SceneDelegate.m */; };
		9A86183B29C86ABA00727587 /* ViewController.m in Sources */ = {isa = PBXBuildFile; fileRef = 9A86183A29C86ABA00727587 /* ViewController.m */; };
		9A86183E29C86ABA00727587 /* Main.storyboard in Resources */ = {isa = PBXBuildFile; fileRef = 9A86183C29C86ABA00727587 /* Main.storyboard */; };
		9A86184029C86ABB00727587 /* Assets.xcassets in Resources */ = {isa = PBXBuildFile; fileRef = 9A86183F29C86ABB00727587 /* Assets.xcassets */; };
		9A86184329C86ABB00727587 /* LaunchScreen.storyboard in Resources */ = {isa = PBXBuildFile; fileRef = 9A86184129C86ABB00727587 /* LaunchScreen.storyboard */; };
		9A86184629C86ABB00727587 /* main.m in Sources */ = {isa = PBXBuildFile; fileRef = 9A86184529C86ABB00727587 /* main.m */; };
		9A86185029C86ABB00727587 /* ObjectiveCBlockTests.m in Sources */ = {isa = PBXBuildFile; fileRef = 9A86184F29C86ABB00727587 /* ObjectiveCBlockTests.m */; };
		9A86185A29C86ABB00727587 /* ObjectiveCBlockUITests.m in Sources */ = {isa = PBXBuildFile; fileRef = 9A86185929C86ABB00727587 /* ObjectiveCBlockUITests.m */; };
		9A86185C29C86ABB00727587 /* ObjectiveCBlockUITestsLaunchTests.m in Sources */ = {isa = PBXBuildFile; fileRef = 9A86185B29C86ABB00727587 /* ObjectiveCBlockUITestsLaunchTests.m */; };
		9A86186A29C89A6900727587 /* TableViewCell.m in Sources */ = {isa = PBXBuildFile; fileRef = 9A86186929C89A6900727587 /* TableViewCell.m */; };
		9A86187029C94EB600727587 /* ImageDownloader.m in Sources */ = {isa = PBXBuildFile; fileRef = 9A86186F29C94EB600727587 /* ImageDownloader.m */; };
		9AD75DA829D304BF00E0A5DE /* CartViewController.m in Sources */ = {isa = PBXBuildFile; fileRef = 9AD75DA729D304BF00E0A5DE /* CartViewController.m */; };
		9AD75DAB29D304E100E0A5DE /* AccountViewController.m in Sources */ = {isa = PBXBuildFile; fileRef = 9AD75DAA29D304E100E0A5DE /* AccountViewController.m */; };
/* End PBXBuildFile section */

/* Begin PBXContainerItemProxy section */
		9A86184C29C86ABB00727587 /* PBXContainerItemProxy */ = {
			isa = PBXContainerItemProxy;
			containerPortal = 9A86182829C86ABA00727587 /* Project object */;
			proxyType = 1;
			remoteGlobalIDString = 9A86182F29C86ABA00727587;
			remoteInfo = ObjectiveCBlock;
		};
		9A86185629C86ABB00727587 /* PBXContainerItemProxy */ = {
			isa = PBXContainerItemProxy;
			containerPortal = 9A86182829C86ABA00727587 /* Project object */;
			proxyType = 1;
			remoteGlobalIDString = 9A86182F29C86ABA00727587;
			remoteInfo = ObjectiveCBlock;
		};
/* End PBXContainerItemProxy section */

/* Begin PBXFileReference section */
		9A49D38429E6FE960069ABA8 /* LoginViewController.h */ = {isa = PBXFileReference; lastKnownFileType = sourcecode.c.h; path = LoginViewController.h; sourceTree = "<group>"; };
		9A49D38529E6FE960069ABA8 /* LoginViewController.m */ = {isa = PBXFileReference; lastKnownFileType = sourcecode.c.objc; path = LoginViewController.m; sourceTree = "<group>"; };
		9A86183029C86ABA00727587 /* ObjectiveCBlock.app */ = {isa = PBXFileReference; explicitFileType = wrapper.application; includeInIndex = 0; path = ObjectiveCBlock.app; sourceTree = BUILT_PRODUCTS_DIR; };
		9A86183329C86ABA00727587 /* AppDelegate.h */ = {isa = PBXFileReference; lastKnownFileType = sourcecode.c.h; path = AppDelegate.h; sourceTree = "<group>"; };
		9A86183429C86ABA00727587 /* AppDelegate.m */ = {isa = PBXFileReference; lastKnownFileType = sourcecode.c.objc; path = AppDelegate.m; sourceTree = "<group>"; };
		9A86183629C86ABA00727587 /* SceneDelegate.h */ = {isa = PBXFileReference; lastKnownFileType = sourcecode.c.h; path = SceneDelegate.h; sourceTree = "<group>"; };
		9A86183729C86ABA00727587 /* SceneDelegate.m */ = {isa = PBXFileReference; lastKnownFileType = sourcecode.c.objc; path = SceneDelegate.m; sourceTree = "<group>"; };
		9A86183929C86ABA00727587 /* ViewController.h */ = {isa = PBXFileReference; lastKnownFileType = sourcecode.c.h; path = ViewController.h; sourceTree = "<group>"; };
		9A86183A29C86ABA00727587 /* ViewController.m */ = {isa = PBXFileReference; lastKnownFileType = sourcecode.c.objc; path = ViewController.m; sourceTree = "<group>"; };
		9A86183D29C86ABA00727587 /* Base */ = {isa = PBXFileReference; lastKnownFileType = file.storyboard; name = Base; path = Base.lproj/Main.storyboard; sourceTree = "<group>"; };
		9A86183F29C86ABB00727587 /* Assets.xcassets */ = {isa = PBXFileReference; lastKnownFileType = folder.assetcatalog; path = Assets.xcassets; sourceTree = "<group>"; };
		9A86184229C86ABB00727587 /* Base */ = {isa = PBXFileReference; lastKnownFileType = file.storyboard; name = Base; path = Base.lproj/LaunchScreen.storyboard; sourceTree = "<group>"; };
		9A86184429C86ABB00727587 /* Info.plist */ = {isa = PBXFileReference; lastKnownFileType = text.plist.xml; path = Info.plist; sourceTree = "<group>"; };
		9A86184529C86ABB00727587 /* main.m */ = {isa = PBXFileReference; lastKnownFileType = sourcecode.c.objc; path = main.m; sourceTree = "<group>"; };
		9A86184B29C86ABB00727587 /* ObjectiveCBlockTests.xctest */ = {isa = PBXFileReference; explicitFileType = wrapper.cfbundle; includeInIndex = 0; path = ObjectiveCBlockTests.xctest; sourceTree = BUILT_PRODUCTS_DIR; };
		9A86184F29C86ABB00727587 /* ObjectiveCBlockTests.m */ = {isa = PBXFileReference; lastKnownFileType = sourcecode.c.objc; path = ObjectiveCBlockTests.m; sourceTree = "<group>"; };
		9A86185529C86ABB00727587 /* ObjectiveCBlockUITests.xctest */ = {isa = PBXFileReference; explicitFileType = wrapper.cfbundle; includeInIndex = 0; path = ObjectiveCBlockUITests.xctest; sourceTree = BUILT_PRODUCTS_DIR; };
		9A86185929C86ABB00727587 /* ObjectiveCBlockUITests.m */ = {isa = PBXFileReference; lastKnownFileType = sourcecode.c.objc; path = ObjectiveCBlockUITests.m; sourceTree = "<group>"; };
		9A86185B29C86ABB00727587 /* ObjectiveCBlockUITestsLaunchTests.m */ = {isa = PBXFileReference; lastKnownFileType = sourcecode.c.objc; path = ObjectiveCBlockUITestsLaunchTests.m; sourceTree = "<group>"; };
		9A86186829C89A6900727587 /* TableViewCell.h */ = {isa = PBXFileReference; lastKnownFileType = sourcecode.c.h; path = TableViewCell.h; sourceTree = "<group>"; };
		9A86186929C89A6900727587 /* TableViewCell.m */ = {isa = PBXFileReference; lastKnownFileType = sourcecode.c.objc; path = TableViewCell.m; sourceTree = "<group>"; };
		9A86186E29C94EB600727587 /* ImageDownloader.h */ = {isa = PBXFileReference; lastKnownFileType = sourcecode.c.h; path = ImageDownloader.h; sourceTree = "<group>"; };
		9A86186F29C94EB600727587 /* ImageDownloader.m */ = {isa = PBXFileReference; lastKnownFileType = sourcecode.c.objc; path = ImageDownloader.m; sourceTree = "<group>"; };
		9AD75DA629D304BF00E0A5DE /* CartViewController.h */ = {isa = PBXFileReference; lastKnownFileType = sourcecode.c.h; path = CartViewController.h; sourceTree = "<group>"; };
		9AD75DA729D304BF00E0A5DE /* CartViewController.m */ = {isa = PBXFileReference; lastKnownFileType = sourcecode.c.objc; path = CartViewController.m; sourceTree = "<group>"; };
		9AD75DA929D304E100E0A5DE /* AccountViewController.h */ = {isa = PBXFileReference; lastKnownFileType = sourcecode.c.h; path = AccountViewController.h; sourceTree = "<group>"; };
		9AD75DAA29D304E100E0A5DE /* AccountViewController.m */ = {isa = PBXFileReference; lastKnownFileType = sourcecode.c.objc; path = AccountViewController.m; sourceTree = "<group>"; };
/* End PBXFileReference section */

/* Begin PBXFrameworksBuildPhase section */
		9A86182D29C86ABA00727587 /* Frameworks */ = {
			isa = PBXFrameworksBuildPhase;
			buildActionMask = 2147483647;
			files = (
			);
			runOnlyForDeploymentPostprocessing = 0;
		};
		9A86184829C86ABB00727587 /* Frameworks */ = {
			isa = PBXFrameworksBuildPhase;
			buildActionMask = 2147483647;
			files = (
			);
			runOnlyForDeploymentPostprocessing = 0;
		};
		9A86185229C86ABB00727587 /* Frameworks */ = {
			isa = PBXFrameworksBuildPhase;
			buildActionMask = 2147483647;
			files = (
			);
			runOnlyForDeploymentPostprocessing = 0;
		};
/* End PBXFrameworksBuildPhase section */

/* Begin PBXGroup section */
		9A86182729C86ABA00727587 = {
			isa = PBXGroup;
			children = (
				9A86183229C86ABA00727587 /* ObjectiveCBlock */,
				9A86184E29C86ABB00727587 /* ObjectiveCBlockTests */,
				9A86185829C86ABB00727587 /* ObjectiveCBlockUITests */,
				9A86183129C86ABA00727587 /* Products */,
			);
			sourceTree = "<group>";
		};
		9A86183129C86ABA00727587 /* Products */ = {
			isa = PBXGroup;
			children = (
				9A86183029C86ABA00727587 /* ObjectiveCBlock.app */,
				9A86184B29C86ABB00727587 /* ObjectiveCBlockTests.xctest */,
				9A86185529C86ABB00727587 /* ObjectiveCBlockUITests.xctest */,
			);
			name = Products;
			sourceTree = "<group>";
		};
		9A86183229C86ABA00727587 /* ObjectiveCBlock */ = {
			isa = PBXGroup;
			children = (
				9A86183329C86ABA00727587 /* AppDelegate.h */,
				9A86183429C86ABA00727587 /* AppDelegate.m */,
				9A86183629C86ABA00727587 /* SceneDelegate.h */,
				9A86183729C86ABA00727587 /* SceneDelegate.m */,
				9AD75DA629D304BF00E0A5DE /* CartViewController.h */,
				9AD75DA729D304BF00E0A5DE /* CartViewController.m */,
				9AD75DA929D304E100E0A5DE /* AccountViewController.h */,
				9AD75DAA29D304E100E0A5DE /* AccountViewController.m */,
				9A86183929C86ABA00727587 /* ViewController.h */,
				9A86183A29C86ABA00727587 /* ViewController.m */,
				9A86186E29C94EB600727587 /* ImageDownloader.h */,
				9A86186F29C94EB600727587 /* ImageDownloader.m */,
				9A86186829C89A6900727587 /* TableViewCell.h */,
				9A86186929C89A6900727587 /* TableViewCell.m */,
				9A86183C29C86ABA00727587 /* Main.storyboard */,
				9A86183F29C86ABB00727587 /* Assets.xcassets */,
				9A86184129C86ABB00727587 /* LaunchScreen.storyboard */,
				9A86184429C86ABB00727587 /* Info.plist */,
				9A86184529C86ABB00727587 /* main.m */,
				9A49D38429E6FE960069ABA8 /* LoginViewController.h */,
				9A49D38529E6FE960069ABA8 /* LoginViewController.m */,
			);
			path = ObjectiveCBlock;
			sourceTree = "<group>";
		};
		9A86184E29C86ABB00727587 /* ObjectiveCBlockTests */ = {
			isa = PBXGroup;
			children = (
				9A86184F29C86ABB00727587 /* ObjectiveCBlockTests.m */,
			);
			path = ObjectiveCBlockTests;
			sourceTree = "<group>";
		};
		9A86185829C86ABB00727587 /* ObjectiveCBlockUITests */ = {
			isa = PBXGroup;
			children = (
				9A86185929C86ABB00727587 /* ObjectiveCBlockUITests.m */,
				9A86185B29C86ABB00727587 /* ObjectiveCBlockUITestsLaunchTests.m */,
			);
			path = ObjectiveCBlockUITests;
			sourceTree = "<group>";
		};
/* End PBXGroup section */

/* Begin PBXNativeTarget section */
		9A86182F29C86ABA00727587 /* ObjectiveCBlock */ = {
			isa = PBXNativeTarget;
			buildConfigurationList = 9A86185F29C86ABB00727587 /* Build configuration list for PBXNativeTarget "ObjectiveCBlock" */;
			buildPhases = (
				9A86182C29C86ABA00727587 /* Sources */,
				9A86182D29C86ABA00727587 /* Frameworks */,
				9A86182E29C86ABA00727587 /* Resources */,
			);
			buildRules = (
			);
			dependencies = (
			);
			name = ObjectiveCBlock;
			productName = ObjectiveCBlock;
			productReference = 9A86183029C86ABA00727587 /* ObjectiveCBlock.app */;
			productType = "com.apple.product-type.application";
		};
		9A86184A29C86ABB00727587 /* ObjectiveCBlockTests */ = {
			isa = PBXNativeTarget;
			buildConfigurationList = 9A86186229C86ABB00727587 /* Build configuration list for PBXNativeTarget "ObjectiveCBlockTests" */;
			buildPhases = (
				9A86184729C86ABB00727587 /* Sources */,
				9A86184829C86ABB00727587 /* Frameworks */,
				9A86184929C86ABB00727587 /* Resources */,
			);
			buildRules = (
			);
			dependencies = (
				9A86184D29C86ABB00727587 /* PBXTargetDependency */,
			);
			name = ObjectiveCBlockTests;
			productName = ObjectiveCBlockTests;
			productReference = 9A86184B29C86ABB00727587 /* ObjectiveCBlockTests.xctest */;
			productType = "com.apple.product-type.bundle.unit-test";
		};
		9A86185429C86ABB00727587 /* ObjectiveCBlockUITests */ = {
			isa = PBXNativeTarget;
			buildConfigurationList = 9A86186529C86ABB00727587 /* Build configuration list for PBXNativeTarget "ObjectiveCBlockUITests" */;
			buildPhases = (
				9A86185129C86ABB00727587 /* Sources */,
				9A86185229C86ABB00727587 /* Frameworks */,
				9A86185329C86ABB00727587 /* Resources */,
			);
			buildRules = (
			);
			dependencies = (
				9A86185729C86ABB00727587 /* PBXTargetDependency */,
			);
			name = ObjectiveCBlockUITests;
			productName = ObjectiveCBlockUITests;
			productReference = 9A86185529C86ABB00727587 /* ObjectiveCBlockUITests.xctest */;
			productType = "com.apple.product-type.bundle.ui-testing";
		};
/* End PBXNativeTarget section */

/* Begin PBXProject section */
		9A86182829C86ABA00727587 /* Project object */ = {
			isa = PBXProject;
			attributes = {
				BuildIndependentTargetsInParallel = 1;
				LastUpgradeCheck = 1300;
				TargetAttributes = {
					9A86182F29C86ABA00727587 = {
						CreatedOnToolsVersion = 13.0;
					};
					9A86184A29C86ABB00727587 = {
						CreatedOnToolsVersion = 13.0;
						TestTargetID = 9A86182F29C86ABA00727587;
					};
					9A86185429C86ABB00727587 = {
						CreatedOnToolsVersion = 13.0;
						TestTargetID = 9A86182F29C86ABA00727587;
					};
				};
			};
			buildConfigurationList = 9A86182B29C86ABA00727587 /* Build configuration list for PBXProject "ObjectiveCBlock" */;
			compatibilityVersion = "Xcode 13.0";
			developmentRegion = en;
			hasScannedForEncodings = 0;
			knownRegions = (
				en,
				Base,
			);
			mainGroup = 9A86182729C86ABA00727587;
			productRefGroup = 9A86183129C86ABA00727587 /* Products */;
			projectDirPath = "";
			projectRoot = "";
			targets = (
				9A86182F29C86ABA00727587 /* ObjectiveCBlock */,
				9A86184A29C86ABB00727587 /* ObjectiveCBlockTests */,
				9A86185429C86ABB00727587 /* ObjectiveCBlockUITests */,
			);
		};
/* End PBXProject section */

/* Begin PBXResourcesBuildPhase section */
		9A86182E29C86ABA00727587 /* Resources */ = {
			isa = PBXResourcesBuildPhase;
			buildActionMask = 2147483647;
			files = (
				9A86184329C86ABB00727587 /* LaunchScreen.storyboard in Resources */,
				9A86184029C86ABB00727587 /* Assets.xcassets in Resources */,
				9A86183E29C86ABA00727587 /* Main.storyboard in Resources */,
			);
			runOnlyForDeploymentPostprocessing = 0;
		};
		9A86184929C86ABB00727587 /* Resources */ = {
			isa = PBXResourcesBuildPhase;
			buildActionMask = 2147483647;
			files = (
			);
			runOnlyForDeploymentPostprocessing = 0;
		};
		9A86185329C86ABB00727587 /* Resources */ = {
			isa = PBXResourcesBuildPhase;
			buildActionMask = 2147483647;
			files = (
			);
			runOnlyForDeploymentPostprocessing = 0;
		};
/* End PBXResourcesBuildPhase section */

/* Begin PBXSourcesBuildPhase section */
		9A86182C29C86ABA00727587 /* Sources */ = {
			isa = PBXSourcesBuildPhase;
			buildActionMask = 2147483647;
			files = (
				9A86187029C94EB600727587 /* ImageDownloader.m in Sources */,
				9A86183B29C86ABA00727587 /* ViewController.m in Sources */,
				9A86183529C86ABA00727587 /* AppDelegate.m in Sources */,
				9A86184629C86ABB00727587 /* main.m in Sources */,
				9A86186A29C89A6900727587 /* TableViewCell.m in Sources */,
				9A49D38629E6FE960069ABA8 /* LoginViewController.m in Sources */,
				9AD75DA829D304BF00E0A5DE /* CartViewController.m in Sources */,
				9AD75DAB29D304E100E0A5DE /* AccountViewController.m in Sources */,
				9A86183829C86ABA00727587 /* SceneDelegate.m in Sources */,
			);
			runOnlyForDeploymentPostprocessing = 0;
		};
		9A86184729C86ABB00727587 /* Sources */ = {
			isa = PBXSourcesBuildPhase;
			buildActionMask = 2147483647;
			files = (
				9A86185029C86ABB00727587 /* ObjectiveCBlockTests.m in Sources */,
			);
			runOnlyForDeploymentPostprocessing = 0;
		};
		9A86185129C86ABB00727587 /* Sources */ = {
			isa = PBXSourcesBuildPhase;
			buildActionMask = 2147483647;
			files = (
				9A86185C29C86ABB00727587 /* ObjectiveCBlockUITestsLaunchTests.m in Sources */,
				9A86185A29C86ABB00727587 /* ObjectiveCBlockUITests.m in Sources */,
			);
			runOnlyForDeploymentPostprocessing = 0;
		};
/* End PBXSourcesBuildPhase section */

/* Begin PBXTargetDependency section */
		9A86184D29C86ABB00727587 /* PBXTargetDependency */ = {
			isa = PBXTargetDependency;
			target = 9A86182F29C86ABA00727587 /* ObjectiveCBlock */;
			targetProxy = 9A86184C29C86ABB00727587 /* PBXContainerItemProxy */;
		};
		9A86185729C86ABB00727587 /* PBXTargetDependency */ = {
			isa = PBXTargetDependency;
			target = 9A86182F29C86ABA00727587 /* ObjectiveCBlock */;
			targetProxy = 9A86185629C86ABB00727587 /* PBXContainerItemProxy */;
		};
/* End PBXTargetDependency section */

/* Begin PBXVariantGroup section */
		9A86183C29C86ABA00727587 /* Main.storyboard */ = {
			isa = PBXVariantGroup;
			children = (
				9A86183D29C86ABA00727587 /* Base */,
			);
			name = Main.storyboard;
			sourceTree = "<group>";
		};
		9A86184129C86ABB00727587 /* LaunchScreen.storyboard */ = {
			isa = PBXVariantGroup;
			children = (
				9A86184229C86ABB00727587 /* Base */,
			);
			name = LaunchScreen.storyboard;
			sourceTree = "<group>";
		};
/* End PBXVariantGroup section */

/* Begin XCBuildConfiguration section */
		9A86185D29C86ABB00727587 /* Debug */ = {
			isa = XCBuildConfiguration;
			buildSettings = {
				ALWAYS_SEARCH_USER_PATHS = NO;
				CLANG_ANALYZER_NONNULL = YES;
				CLANG_ANALYZER_NUMBER_OBJECT_CONVERSION = YES_AGGRESSIVE;
				CLANG_CXX_LANGUAGE_STANDARD = "gnu++17";
				CLANG_CXX_LIBRARY = "libc++";
				CLANG_ENABLE_MODULES = YES;
				CLANG_ENABLE_OBJC_ARC = YES;
				CLANG_ENABLE_OBJC_WEAK = YES;
				CLANG_WARN_BLOCK_CAPTURE_AUTORELEASING = YES;
				CLANG_WARN_BOOL_CONVERSION = YES;
				CLANG_WARN_COMMA = YES;
				CLANG_WARN_CONSTANT_CONVERSION = YES;
				CLANG_WARN_DEPRECATED_OBJC_IMPLEMENTATIONS = YES;
				CLANG_WARN_DIRECT_OBJC_ISA_USAGE = YES_ERROR;
				CLANG_WARN_DOCUMENTATION_COMMENTS = YES;
				CLANG_WARN_EMPTY_BODY = YES;
				CLANG_WARN_ENUM_CONVERSION = YES;
				CLANG_WARN_INFINITE_RECURSION = YES;
				CLANG_WARN_INT_CONVERSION = YES;
				CLANG_WARN_NON_LITERAL_NULL_CONVERSION = YES;
				CLANG_WARN_OBJC_IMPLICIT_RETAIN_SELF = YES;
				CLANG_WARN_OBJC_LITERAL_CONVERSION = YES;
				CLANG_WARN_OBJC_ROOT_CLASS = YES_ERROR;
				CLANG_WARN_QUOTED_INCLUDE_IN_FRAMEWORK_HEADER = YES;
				CLANG_WARN_RANGE_LOOP_ANALYSIS = YES;
				CLANG_WARN_STRICT_PROTOTYPES = YES;
				CLANG_WARN_SUSPICIOUS_MOVE = YES;
				CLANG_WARN_UNGUARDED_AVAILABILITY = YES_AGGRESSIVE;
				CLANG_WARN_UNREACHABLE_CODE = YES;
				CLANG_WARN__DUPLICATE_METHOD_MATCH = YES;
				COPY_PHASE_STRIP = NO;
				DEBUG_INFORMATION_FORMAT = dwarf;
				ENABLE_STRICT_OBJC_MSGSEND = YES;
				ENABLE_TESTABILITY = YES;
				GCC_C_LANGUAGE_STANDARD = gnu11;
				GCC_DYNAMIC_NO_PIC = NO;
				GCC_NO_COMMON_BLOCKS = YES;
				GCC_OPTIMIZATION_LEVEL = 0;
				GCC_PREPROCESSOR_DEFINITIONS = (
					"DEBUG=1",
					"$(inherited)",
				);
				GCC_WARN_64_TO_32_BIT_CONVERSION = YES;
				GCC_WARN_ABOUT_RETURN_TYPE = YES_ERROR;
				GCC_WARN_UNDECLARED_SELECTOR = YES;
				GCC_WARN_UNINITIALIZED_AUTOS = YES_AGGRESSIVE;
				GCC_WARN_UNUSED_FUNCTION = YES;
				GCC_WARN_UNUSED_VARIABLE = YES;
				IPHONEOS_DEPLOYMENT_TARGET = 15.0;
				MTL_ENABLE_DEBUG_INFO = INCLUDE_SOURCE;
				MTL_FAST_MATH = YES;
				ONLY_ACTIVE_ARCH = YES;
				SDKROOT = iphoneos;
			};
			name = Debug;
		};
		9A86185E29C86ABB00727587 /* Release */ = {
			isa = XCBuildConfiguration;
			buildSettings = {
				ALWAYS_SEARCH_USER_PATHS = NO;
				CLANG_ANALYZER_NONNULL = YES;
				CLANG_ANALYZER_NUMBER_OBJECT_CONVERSION = YES_AGGRESSIVE;
				CLANG_CXX_LANGUAGE_STANDARD = "gnu++17";
				CLANG_CXX_LIBRARY = "libc++";
				CLANG_ENABLE_MODULES = YES;
				CLANG_ENABLE_OBJC_ARC = YES;
				CLANG_ENABLE_OBJC_WEAK = YES;
				CLANG_WARN_BLOCK_CAPTURE_AUTORELEASING = YES;
				CLANG_WARN_BOOL_CONVERSION = YES;
				CLANG_WARN_COMMA = YES;
				CLANG_WARN_CONSTANT_CONVERSION = YES;
				CLANG_WARN_DEPRECATED_OBJC_IMPLEMENTATIONS = YES;
				CLANG_WARN_DIRECT_OBJC_ISA_USAGE = YES_ERROR;
				CLANG_WARN_DOCUMENTATION_COMMENTS = YES;
				CLANG_WARN_EMPTY_BODY = YES;
				CLANG_WARN_ENUM_CONVERSION = YES;
				CLANG_WARN_INFINITE_RECURSION = YES;
				CLANG_WARN_INT_CONVERSION = YES;
				CLANG_WARN_NON_LITERAL_NULL_CONVERSION = YES;
				CLANG_WARN_OBJC_IMPLICIT_RETAIN_SELF = YES;
				CLANG_WARN_OBJC_LITERAL_CONVERSION = YES;
				CLANG_WARN_OBJC_ROOT_CLASS = YES_ERROR;
				CLANG_WARN_QUOTED_INCLUDE_IN_FRAMEWORK_HEADER = YES;
				CLANG_WARN_RANGE_LOOP_ANALYSIS = YES;
				CLANG_WARN_STRICT_PROTOTYPES = YES;
				CLANG_WARN_SUSPICIOUS_MOVE = YES;
				CLANG_WARN_UNGUARDED_AVAILABILITY = YES_AGGRESSIVE;
				CLANG_WARN_UNREACHABLE_CODE = YES;
				CLANG_WARN__DUPLICATE_METHOD_MATCH = YES;
				COPY_PHASE_STRIP = NO;
				DEBUG_INFORMATION_FORMAT = "dwarf-with-dsym";
				ENABLE_NS_ASSERTIONS = NO;
				ENABLE_STRICT_OBJC_MSGSEND = YES;
				GCC_C_LANGUAGE_STANDARD = gnu11;
				GCC_NO_COMMON_BLOCKS = YES;
				GCC_WARN_64_TO_32_BIT_CONVERSION = YES;
				GCC_WARN_ABOUT_RETURN_TYPE = YES_ERROR;
				GCC_WARN_UNDECLARED_SELECTOR = YES;
				GCC_WARN_UNINITIALIZED_AUTOS = YES_AGGRESSIVE;
				GCC_WARN_UNUSED_FUNCTION = YES;
				GCC_WARN_UNUSED_VARIABLE = YES;
				IPHONEOS_DEPLOYMENT_TARGET = 15.0;
				MTL_ENABLE_DEBUG_INFO = NO;
				MTL_FAST_MATH = YES;
				SDKROOT = iphoneos;
				VALIDATE_PRODUCT = YES;
			};
			name = Release;
		};
		9A86186029C86ABB00727587 /* Debug */ = {
			isa = XCBuildConfiguration;
			buildSettings = {
				ASSETCATALOG_COMPILER_APPICON_NAME = AppIcon;
				ASSETCATALOG_COMPILER_GLOBAL_ACCENT_COLOR_NAME = AccentColor;
				CODE_SIGN_STYLE = Automatic;
				CURRENT_PROJECT_VERSION = 1;
				GENERATE_INFOPLIST_FILE = YES;
				INFOPLIST_FILE = ObjectiveCBlock/Info.plist;
				INFOPLIST_KEY_UIApplicationSupportsIndirectInputEvents = YES;
				INFOPLIST_KEY_UILaunchStoryboardName = LaunchScreen;
				INFOPLIST_KEY_UIMainStoryboardFile = Main;
				INFOPLIST_KEY_UISupportedInterfaceOrientations_iPad = "UIInterfaceOrientationPortrait UIInterfaceOrientationPortraitUpsideDown UIInterfaceOrientationLandscapeLeft UIInterfaceOrientationLandscapeRight";
				INFOPLIST_KEY_UISupportedInterfaceOrientations_iPhone = "UIInterfaceOrientationPortrait UIInterfaceOrientationLandscapeLeft UIInterfaceOrientationLandscapeRight";
				LD_RUNPATH_SEARCH_PATHS = (
					"$(inherited)",
					"@executable_path/Frameworks",
				);
				MARKETING_VERSION = 1.0;
				PRODUCT_BUNDLE_IDENTIFIER = rsllearning2.ObjectiveCBlock;
				PRODUCT_NAME = "$(TARGET_NAME)";
				SWIFT_EMIT_LOC_STRINGS = YES;
				TARGETED_DEVICE_FAMILY = "1,2";
			};
			name = Debug;
		};
		9A86186129C86ABB00727587 /* Release */ = {
			isa = XCBuildConfiguration;
			buildSettings = {
				ASSETCATALOG_COMPILER_APPICON_NAME = AppIcon;
				ASSETCATALOG_COMPILER_GLOBAL_ACCENT_COLOR_NAME = AccentColor;
				CODE_SIGN_STYLE = Automatic;
				CURRENT_PROJECT_VERSION = 1;
				GENERATE_INFOPLIST_FILE = YES;
				INFOPLIST_FILE = ObjectiveCBlock/Info.plist;
				INFOPLIST_KEY_UIApplicationSupportsIndirectInputEvents = YES;
				INFOPLIST_KEY_UILaunchStoryboardName = LaunchScreen;
				INFOPLIST_KEY_UIMainStoryboardFile = Main;
				INFOPLIST_KEY_UISupportedInterfaceOrientations_iPad = "UIInterfaceOrientationPortrait UIInterfaceOrientationPortraitUpsideDown UIInterfaceOrientationLandscapeLeft UIInterfaceOrientationLandscapeRight";
				INFOPLIST_KEY_UISupportedInterfaceOrientations_iPhone = "UIInterfaceOrientationPortrait UIInterfaceOrientationLandscapeLeft UIInterfaceOrientationLandscapeRight";
				LD_RUNPATH_SEARCH_PATHS = (
					"$(inherited)",
					"@executable_path/Frameworks",
				);
				MARKETING_VERSION = 1.0;
				PRODUCT_BUNDLE_IDENTIFIER = rsllearning2.ObjectiveCBlock;
				PRODUCT_NAME = "$(TARGET_NAME)";
				SWIFT_EMIT_LOC_STRINGS = YES;
				TARGETED_DEVICE_FAMILY = "1,2";
			};
			name = Release;
		};
		9A86186329C86ABB00727587 /* Debug */ = {
			isa = XCBuildConfiguration;
			buildSettings = {
				BUNDLE_LOADER = "$(TEST_HOST)";
				CODE_SIGN_STYLE = Automatic;
				CURRENT_PROJECT_VERSION = 1;
				GENERATE_INFOPLIST_FILE = YES;
				IPHONEOS_DEPLOYMENT_TARGET = 15.0;
				LD_RUNPATH_SEARCH_PATHS = (
					"$(inherited)",
					"@executable_path/Frameworks",
					"@loader_path/Frameworks",
				);
				MARKETING_VERSION = 1.0;
				PRODUCT_BUNDLE_IDENTIFIER = rsllearning2.ObjectiveCBlockTests;
				PRODUCT_NAME = "$(TARGET_NAME)";
				SWIFT_EMIT_LOC_STRINGS = NO;
				TARGETED_DEVICE_FAMILY = "1,2";
				TEST_HOST = "$(BUILT_PRODUCTS_DIR)/ObjectiveCBlock.app/ObjectiveCBlock";
			};
			name = Debug;
		};
		9A86186429C86ABB00727587 /* Release */ = {
			isa = XCBuildConfiguration;
			buildSettings = {
				BUNDLE_LOADER = "$(TEST_HOST)";
				CODE_SIGN_STYLE = Automatic;
				CURRENT_PROJECT_VERSION = 1;
				GENERATE_INFOPLIST_FILE = YES;
				IPHONEOS_DEPLOYMENT_TARGET = 15.0;
				LD_RUNPATH_SEARCH_PATHS = (
					"$(inherited)",
					"@executable_path/Frameworks",
					"@loader_path/Frameworks",
				);
				MARKETING_VERSION = 1.0;
				PRODUCT_BUNDLE_IDENTIFIER = rsllearning2.ObjectiveCBlockTests;
				PRODUCT_NAME = "$(TARGET_NAME)";
				SWIFT_EMIT_LOC_STRINGS = NO;
				TARGETED_DEVICE_FAMILY = "1,2";
				TEST_HOST = "$(BUILT_PRODUCTS_DIR)/ObjectiveCBlock.app/ObjectiveCBlock";
			};
			name = Release;
		};
		9A86186629C86ABB00727587 /* Debug */ = {
			isa = XCBuildConfiguration;
			buildSettings = {
				CODE_SIGN_STYLE = Automatic;
				CURRENT_PROJECT_VERSION = 1;
				GENERATE_INFOPLIST_FILE = YES;
				LD_RUNPATH_SEARCH_PATHS = (
					"$(inherited)",
					"@executable_path/Frameworks",
					"@loader_path/Frameworks",
				);
				MARKETING_VERSION = 1.0;
				PRODUCT_BUNDLE_IDENTIFIER = rsllearning2.ObjectiveCBlockUITests;
				PRODUCT_NAME = "$(TARGET_NAME)";
				SWIFT_EMIT_LOC_STRINGS = NO;
				TARGETED_DEVICE_FAMILY = "1,2";
				TEST_TARGET_NAME = ObjectiveCBlock;
			};
			name = Debug;
		};
		9A86186729C86ABB00727587 /* Release */ = {
			isa = XCBuildConfiguration;
			buildSettings = {
				CODE_SIGN_STYLE = Automatic;
				CURRENT_PROJECT_VERSION = 1;
				GENERATE_INFOPLIST_FILE = YES;
				LD_RUNPATH_SEARCH_PATHS = (
					"$(inherited)",
					"@executable_path/Frameworks",
					"@loader_path/Frameworks",
				);
				MARKETING_VERSION = 1.0;
				PRODUCT_BUNDLE_IDENTIFIER = rsllearning2.ObjectiveCBlockUITests;
				PRODUCT_NAME = "$(TARGET_NAME)";
				SWIFT_EMIT_LOC_STRINGS = NO;
				TARGETED_DEVICE_FAMILY = "1,2";
				TEST_TARGET_NAME = ObjectiveCBlock;
			};
			name = Release;
		};
/* End XCBuildConfiguration section */

/* Begin XCConfigurationList section */
		9A86182B29C86ABA00727587 /* Build configuration list for PBXProject "ObjectiveCBlock" */ = {
			isa = XCConfigurationList;
			buildConfigurations = (
				9A86185D29C86ABB00727587 /* Debug */,
				9A86185E29C86ABB00727587 /* Release */,
			);
			defaultConfigurationIsVisible = 0;
			defaultConfigurationName = Release;
		};
		9A86185F29C86ABB00727587 /* Build configuration list for PBXNativeTarget "ObjectiveCBlock" */ = {
			isa = XCConfigurationList;
			buildConfigurations = (
				9A86186029C86ABB00727587 /* Debug */,
				9A86186129C86ABB00727587 /* Release */,
			);
			defaultConfigurationIsVisible = 0;
			defaultConfigurationName = Release;
		};
		9A86186229C86ABB00727587 /* Build configuration list for PBXNativeTarget "ObjectiveCBlockTests" */ = {
			isa = XCConfigurationList;
			buildConfigurations = (
				9A86186329C86ABB00727587 /* Debug */,
				9A86186429C86ABB00727587 /* Release */,
			);
			defaultConfigurationIsVisible = 0;
			defaultConfigurationName = Release;
		};
		9A86186529C86ABB00727587 /* Build configuration list for PBXNativeTarget "ObjectiveCBlockUITests" */ = {
			isa = XCConfigurationList;
			buildConfigurations = (
				9A86186629C86ABB00727587 /* Debug */,
				9A86186729C86ABB00727587 /* Release */,
			);
			defaultConfigurationIsVisible = 0;
			defaultConfigurationName = Release;
		};
/* End XCConfigurationList section */
	};
	rootObject = 9A86182829C86ABA00727587 /* Project object */;
}
